
Microsoft Visual Studio Solution File, Format Version 12.00
# Visual Studio Version 17
VisualStudioVersion = 17.7.34024.191
MinimumVisualStudioVersion = 10.0.40219.1
Project("{9A19103F-16F7-4668-BE54-9A1E7A4F7556}") = "UdemyRedis-Cache", "UdemyRedis-Cache\UdemyRedis-Cache.csproj", "{A39BEEA2-144E-4003-9A4F-20559DFA9775}"
EndProject
Project("{9A19103F-16F7-4668-BE54-9A1E7A4F7556}") = "IDistributedCacheRedisWeb.App", "IDistributedCacheRedisWeb.App\IDistributedCacheRedisWeb.App.csproj", "{226C455B-0A2E-41FB-87FE-E6B5E121769A}"
EndProject
Project("{FAE04EC0-301F-11D3-BF4B-00C04F79EFBC}") = "RedisExchangeAPI.Web", "RedisExchangeAPI.Web\RedisExchangeAPI.Web.csproj", "{B4A9C7D2-25EC-402F-83B7-4C4A9BF6C701}"
EndProject
Global
	GlobalSection(SolutionConfigurationPlatforms) = preSolution
		Debug|Any CPU = Debug|Any CPU
		Release|Any CPU = Release|Any CPU
	EndGlobalSection
	GlobalSection(ProjectConfigurationPlatforms) = postSolution
		{A39BEEA2-144E-4003-9A4F-20559DFA9775}.Debug|Any CPU.ActiveCfg = Debug|Any CPU
		{A39BEEA2-144E-4003-9A4F-20559DFA9775}.Debug|Any CPU.Build.0 = Debug|Any CPU
		{A39BEEA2-144E-4003-9A4F-20559DFA9775}.Release|Any CPU.ActiveCfg = Release|Any CPU
		{A39BEEA2-144E-4003-9A4F-20559DFA9775}.Release|Any CPU.Build.0 = Release|Any CPU
		{226C455B-0A2E-41FB-87FE-E6B5E121769A}.Debug|Any CPU.ActiveCfg = Debug|Any CPU
		{226C455B-0A2E-41FB-87FE-E6B5E121769A}.Debug|Any CPU.Build.0 = Debug|Any CPU
		{226C455B-0A2E-41FB-87FE-E6B5E121769A}.Release|Any CPU.ActiveCfg = Release|Any CPU
		{226C455B-0A2E-41FB-87FE-E6B5E121769A}.Release|Any CPU.Build.0 = Release|Any CPU
		{B4A9C7D2-25EC-402F-83B7-4C4A9BF6C701}.Debug|Any CPU.ActiveCfg = Debug|Any CPU
		{B4A9C7D2-25EC-402F-83B7-4C4A9BF6C701}.Debug|Any CPU.Build.0 = Debug|Any CPU
		{B4A9C7D2-25EC-402F-83B7-4C4A9BF6C701}.Release|Any CPU.ActiveCfg = Release|Any CPU
		{B4A9C7D2-25EC-402F-83B7-4C4A9BF6C701}.Release|Any CPU.Build.0 = Release|Any CPU
	EndGlobalSection
	GlobalSection(SolutionProperties) = preSolution
		HideSolutionNode = FALSE
	EndGlobalSection
	GlobalSection(ExtensibilityGlobals) = postSolution
		SolutionGuid = {29715F68-71E2-4E41-9839-24B62AC9ECAB}
	EndGlobalSection
EndGlobal
